// !$*UTF8*$!
{
	archiveVersion = 1;
	classes = {
	};
	objectVersion = 50;
	objects = {

/* Begin PBXBuildFile section */
		7504297722B1FB1A00ACA4E4 /* AppDelegate.swift in Sources */ = {isa = PBXBuildFile; fileRef = 7504297622B1FB1A00ACA4E4 /* AppDelegate.swift */; };
		7504297922B1FB1A00ACA4E4 /* ViewController.swift in Sources */ = {isa = PBXBuildFile; fileRef = 7504297822B1FB1A00ACA4E4 /* ViewController.swift */; };
		7504297C22B1FB1A00ACA4E4 /* Main.storyboard in Resources */ = {isa = PBXBuildFile; fileRef = 7504297A22B1FB1A00ACA4E4 /* Main.storyboard */; };
		7504297E22B1FB1C00ACA4E4 /* Assets.xcassets in Resources */ = {isa = PBXBuildFile; fileRef = 7504297D22B1FB1C00ACA4E4 /* Assets.xcassets */; };
		7504298122B1FB1C00ACA4E4 /* LaunchScreen.storyboard in Resources */ = {isa = PBXBuildFile; fileRef = 7504297F22B1FB1C00ACA4E4 /* LaunchScreen.storyboard */; };
		7504298C22B1FB1D00ACA4E4 /* Workshop_AppTests.swift in Sources */ = {isa = PBXBuildFile; fileRef = 7504298B22B1FB1D00ACA4E4 /* Workshop_AppTests.swift */; };
		7504299722B1FB1D00ACA4E4 /* Workshop_AppUITests.swift in Sources */ = {isa = PBXBuildFile; fileRef = 7504299622B1FB1D00ACA4E4 /* Workshop_AppUITests.swift */; };
/* End PBXBuildFile section */

/* Begin PBXContainerItemProxy section */
		7504298822B1FB1D00ACA4E4 /* PBXContainerItemProxy */ = {
			isa = PBXContainerItemProxy;
			containerPortal = 7504296B22B1FB1A00ACA4E4 /* Project object */;
			proxyType = 1;
			remoteGlobalIDString = 7504297222B1FB1A00ACA4E4;
			remoteInfo = "Workshop App";
		};
		7504299322B1FB1D00ACA4E4 /* PBXContainerItemProxy */ = {
			isa = PBXContainerItemProxy;
			containerPortal = 7504296B22B1FB1A00ACA4E4 /* Project object */;
			proxyType = 1;
			remoteGlobalIDString = 7504297222B1FB1A00ACA4E4;
			remoteInfo = "Workshop App";
		};
/* End PBXContainerItemProxy section */

/* Begin PBXFileReference section */
		7504297322B1FB1A00ACA4E4 /* Workshop App.app */ = {isa = PBXFileReference; explicitFileType = wrapper.application; includeInIndex = 0; path = "Workshop App.app"; sourceTree = BUILT_PRODUCTS_DIR; };
		7504297622B1FB1A00ACA4E4 /* AppDelegate.swift */ = {isa = PBXFileReference; lastKnownFileType = sourcecode.swift; path = AppDelegate.swift; sourceTree = "<group>"; };
		7504297822B1FB1A00ACA4E4 /* ViewController.swift */ = {isa = PBXFileReference; lastKnownFileType = sourcecode.swift; path = ViewController.swift; sourceTree = "<group>"; };
		7504297B22B1FB1A00ACA4E4 /* Base */ = {isa = PBXFileReference; lastKnownFileType = file.storyboard; name = Base; path = Base.lproj/Main.storyboard; sourceTree = "<group>"; };
		7504297D22B1FB1C00ACA4E4 /* Assets.xcassets */ = {isa = PBXFileReference; lastKnownFileType = folder.assetcatalog; path = Assets.xcassets; sourceTree = "<group>"; };
		7504298022B1FB1C00ACA4E4 /* Base */ = {isa = PBXFileReference; lastKnownFileType = file.storyboard; name = Base; path = Base.lproj/LaunchScreen.storyboard; sourceTree = "<group>"; };
		7504298222B1FB1C00ACA4E4 /* Info.plist */ = {isa = PBXFileReference; lastKnownFileType = text.plist.xml; path = Info.plist; sourceTree = "<group>"; };
		7504298722B1FB1D00ACA4E4 /* Workshop AppTests.xctest */ = {isa = PBXFileReference; explicitFileType = wrapper.cfbundle; includeInIndex = 0; path = "Workshop AppTests.xctest"; sourceTree = BUILT_PRODUCTS_DIR; };
		7504298B22B1FB1D00ACA4E4 /* Workshop_AppTests.swift */ = {isa = PBXFileReference; lastKnownFileType = sourcecode.swift; path = Workshop_AppTests.swift; sourceTree = "<group>"; };
		7504298D22B1FB1D00ACA4E4 /* Info.plist */ = {isa = PBXFileReference; lastKnownFileType = text.plist.xml; path = Info.plist; sourceTree = "<group>"; };
		7504299222B1FB1D00ACA4E4 /* Workshop AppUITests.xctest */ = {isa = PBXFileReference; explicitFileType = wrapper.cfbundle; includeInIndex = 0; path = "Workshop AppUITests.xctest"; sourceTree = BUILT_PRODUCTS_DIR; };
		7504299622B1FB1D00ACA4E4 /* Workshop_AppUITests.swift */ = {isa = PBXFileReference; lastKnownFileType = sourcecode.swift; path = Workshop_AppUITests.swift; sourceTree = "<group>"; };
		7504299822B1FB1D00ACA4E4 /* Info.plist */ = {isa = PBXFileReference; lastKnownFileType = text.plist.xml; path = Info.plist; sourceTree = "<group>"; };
/* End PBXFileReference section */

/* Begin PBXFrameworksBuildPhase section */
		7504297022B1FB1A00ACA4E4 /* Frameworks */ = {
			isa = PBXFrameworksBuildPhase;
			buildActionMask = 2147483647;
			files = (
			);
			runOnlyForDeploymentPostprocessing = 0;
		};
		7504298422B1FB1D00ACA4E4 /* Frameworks */ = {
			isa = PBXFrameworksBuildPhase;
			buildActionMask = 2147483647;
			files = (
			);
			runOnlyForDeploymentPostprocessing = 0;
		};
		7504298F22B1FB1D00ACA4E4 /* Frameworks */ = {
			isa = PBXFrameworksBuildPhase;
			buildActionMask = 2147483647;
			files = (
			);
			runOnlyForDeploymentPostprocessing = 0;
		};
/* End PBXFrameworksBuildPhase section */

/* Begin PBXGroup section */
		7504296A22B1FB1A00ACA4E4 = {
			isa = PBXGroup;
			children = (
				7504297522B1FB1A00ACA4E4 /* Workshop App */,
				7504298A22B1FB1D00ACA4E4 /* Workshop AppTests */,
				7504299522B1FB1D00ACA4E4 /* Workshop AppUITests */,
				7504297422B1FB1A00ACA4E4 /* Products */,
			);
			sourceTree = "<group>";
		};
		7504297422B1FB1A00ACA4E4 /* Products */ = {
			isa = PBXGroup;
			children = (
				7504297322B1FB1A00ACA4E4 /* Workshop App.app */,
				7504298722B1FB1D00ACA4E4 /* Workshop AppTests.xctest */,
				7504299222B1FB1D00ACA4E4 /* Workshop AppUITests.xctest */,
			);
			name = Products;
			sourceTree = "<group>";
		};
		7504297522B1FB1A00ACA4E4 /* Workshop App */ = {
			isa = PBXGroup;
			children = (
				7504297622B1FB1A00ACA4E4 /* AppDelegate.swift */,
				7504297822B1FB1A00ACA4E4 /* ViewController.swift */,
				7504297A22B1FB1A00ACA4E4 /* Main.storyboard */,
				7504297D22B1FB1C00ACA4E4 /* Assets.xcassets */,
				7504297F22B1FB1C00ACA4E4 /* LaunchScreen.storyboard */,
				7504298222B1FB1C00ACA4E4 /* Info.plist */,
			);
			path = "Workshop App";
			sourceTree = "<group>";
		};
		7504298A22B1FB1D00ACA4E4 /* Workshop AppTests */ = {
			isa = PBXGroup;
			children = (
				7504298B22B1FB1D00ACA4E4 /* Workshop_AppTests.swift */,
				7504298D22B1FB1D00ACA4E4 /* Info.plist */,
			);
			path = "Workshop AppTests";
			sourceTree = "<group>";
		};
		7504299522B1FB1D00ACA4E4 /* Workshop AppUITests */ = {
			isa = PBXGroup;
			children = (
				7504299622B1FB1D00ACA4E4 /* Workshop_AppUITests.swift */,
				7504299822B1FB1D00ACA4E4 /* Info.plist */,
			);
			path = "Workshop AppUITests";
			sourceTree = "<group>";
		};
/* End PBXGroup section */

/* Begin PBXNativeTarget section */
		7504297222B1FB1A00ACA4E4 /* Workshop App */ = {
			isa = PBXNativeTarget;
			buildConfigurationList = 7504299B22B1FB1D00ACA4E4 /* Build configuration list for PBXNativeTarget "Workshop App" */;
			buildPhases = (
				7504296F22B1FB1A00ACA4E4 /* Sources */,
				7504297022B1FB1A00ACA4E4 /* Frameworks */,
				7504297122B1FB1A00ACA4E4 /* Resources */,
			);
			buildRules = (
			);
			dependencies = (
			);
			name = "Workshop App";
			productName = "Workshop App";
			productReference = 7504297322B1FB1A00ACA4E4 /* Workshop App.app */;
			productType = "com.apple.product-type.application";
		};
		7504298622B1FB1D00ACA4E4 /* Workshop AppTests */ = {
			isa = PBXNativeTarget;
			buildConfigurationList = 7504299E22B1FB1D00ACA4E4 /* Build configuration list for PBXNativeTarget "Workshop AppTests" */;
			buildPhases = (
				7504298322B1FB1D00ACA4E4 /* Sources */,
				7504298422B1FB1D00ACA4E4 /* Frameworks */,
				7504298522B1FB1D00ACA4E4 /* Resources */,
			);
			buildRules = (
			);
			dependencies = (
				7504298922B1FB1D00ACA4E4 /* PBXTargetDependency */,
			);
			name = "Workshop AppTests";
			productName = "Workshop AppTests";
			productReference = 7504298722B1FB1D00ACA4E4 /* Workshop AppTests.xctest */;
			productType = "com.apple.product-type.bundle.unit-test";
		};
		7504299122B1FB1D00ACA4E4 /* Workshop AppUITests */ = {
			isa = PBXNativeTarget;
			buildConfigurationList = 750429A122B1FB1D00ACA4E4 /* Build configuration list for PBXNativeTarget "Workshop AppUITests" */;
			buildPhases = (
				7504298E22B1FB1D00ACA4E4 /* Sources */,
				7504298F22B1FB1D00ACA4E4 /* Frameworks */,
				7504299022B1FB1D00ACA4E4 /* Resources */,
			);
			buildRules = (
			);
			dependencies = (
				7504299422B1FB1D00ACA4E4 /* PBXTargetDependency */,
			);
			name = "Workshop AppUITests";
			productName = "Workshop AppUITests";
			productReference = 7504299222B1FB1D00ACA4E4 /* Workshop AppUITests.xctest */;
			productType = "com.apple.product-type.bundle.ui-testing";
		};
/* End PBXNativeTarget section */

/* Begin PBXProject section */
		7504296B22B1FB1A00ACA4E4 /* Project object */ = {
			isa = PBXProject;
			attributes = {
				LastSwiftUpdateCheck = 1020;
				LastUpgradeCheck = 1020;
				ORGANIZATIONNAME = "Elysia Lock";
				TargetAttributes = {
					7504297222B1FB1A00ACA4E4 = {
						CreatedOnToolsVersion = 10.2.1;
					};
					7504298622B1FB1D00ACA4E4 = {
						CreatedOnToolsVersion = 10.2.1;
						TestTargetID = 7504297222B1FB1A00ACA4E4;
					};
					7504299122B1FB1D00ACA4E4 = {
						CreatedOnToolsVersion = 10.2.1;
						TestTargetID = 7504297222B1FB1A00ACA4E4;
					};
				};
			};
			buildConfigurationList = 7504296E22B1FB1A00ACA4E4 /* Build configuration list for PBXProject "Workshop App" */;
			compatibilityVersion = "Xcode 9.3";
			developmentRegion = en;
			hasScannedForEncodings = 0;
			knownRegions = (
				en,
				Base,
			);
			mainGroup = 7504296A22B1FB1A00ACA4E4;
			productRefGroup = 7504297422B1FB1A00ACA4E4 /* Products */;
			projectDirPath = "";
			projectRoot = "";
			targets = (
				7504297222B1FB1A00ACA4E4 /* Workshop App */,
				7504298622B1FB1D00ACA4E4 /* Workshop AppTests */,
				7504299122B1FB1D00ACA4E4 /* Workshop AppUITests */,
			);
		};
/* End PBXProject section */

/* Begin PBXResourcesBuildPhase section */
		7504297122B1FB1A00ACA4E4 /* Resources */ = {
			isa = PBXResourcesBuildPhase;
			buildActionMask = 2147483647;
			files = (
				7504298122B1FB1C00ACA4E4 /* LaunchScreen.storyboard in Resources */,
				7504297E22B1FB1C00ACA4E4 /* Assets.xcassets in Resources */,
				7504297C22B1FB1A00ACA4E4 /* Main.storyboard in Resources */,
			);
			runOnlyForDeploymentPostprocessing = 0;
		};
		7504298522B1FB1D00ACA4E4 /* Resources */ = {
			isa = PBXResourcesBuildPhase;
			buildActionMask = 2147483647;
			files = (
			);
			runOnlyForDeploymentPostprocessing = 0;
		};
		7504299022B1FB1D00ACA4E4 /* Resources */ = {
			isa = PBXResourcesBuildPhase;
			buildActionMask = 2147483647;
			files = (
			);
			runOnlyForDeploymentPostprocessing = 0;
		};
/* End PBXResourcesBuildPhase section */

/* Begin PBXSourcesBuildPhase section */
		7504296F22B1FB1A00ACA4E4 /* Sources */ = {
			isa = PBXSourcesBuildPhase;
			buildActionMask = 2147483647;
			files = (
				7504297922B1FB1A00ACA4E4 /* ViewController.swift in Sources */,
				7504297722B1FB1A00ACA4E4 /* AppDelegate.swift in Sources */,
			);
			runOnlyForDeploymentPostprocessing = 0;
		};
		7504298322B1FB1D00ACA4E4 /* Sources */ = {
			isa = PBXSourcesBuildPhase;
			buildActionMask = 2147483647;
			files = (
				7504298C22B1FB1D00ACA4E4 /* Workshop_AppTests.swift in Sources */,
			);
			runOnlyForDeploymentPostprocessing = 0;
		};
		7504298E22B1FB1D00ACA4E4 /* Sources */ = {
			isa = PBXSourcesBuildPhase;
			buildActionMask = 2147483647;
			files = (
				7504299722B1FB1D00ACA4E4 /* Workshop_AppUITests.swift in Sources */,
			);
			runOnlyForDeploymentPostprocessing = 0;
		};
/* End PBXSourcesBuildPhase section */

/* Begin PBXTargetDependency section */
		7504298922B1FB1D00ACA4E4 /* PBXTargetDependency */ = {
			isa = PBXTargetDependency;
			target = 7504297222B1FB1A00ACA4E4 /* Workshop App */;
			targetProxy = 7504298822B1FB1D00ACA4E4 /* PBXContainerItemProxy */;
		};
		7504299422B1FB1D00ACA4E4 /* PBXTargetDependency */ = {
			isa = PBXTargetDependency;
			target = 7504297222B1FB1A00ACA4E4 /* Workshop App */;
			targetProxy = 7504299322B1FB1D00ACA4E4 /* PBXContainerItemProxy */;
		};
/* End PBXTargetDependency section */

/* Begin PBXVariantGroup section */
		7504297A22B1FB1A00ACA4E4 /* Main.storyboard */ = {
			isa = PBXVariantGroup;
			children = (
				7504297B22B1FB1A00ACA4E4 /* Base */,
			);
			name = Main.storyboard;
			sourceTree = "<group>";
		};
		7504297F22B1FB1C00ACA4E4 /* LaunchScreen.storyboard */ = {
			isa = PBXVariantGroup;
			children = (
				7504298022B1FB1C00ACA4E4 /* Base */,
			);
			name = LaunchScreen.storyboard;
			sourceTree = "<group>";
		};
/* End PBXVariantGroup section */

/* Begin XCBuildConfiguration section */
		7504299922B1FB1D00ACA4E4 /* Debug */ = {
			isa = XCBuildConfiguration;
			buildSettings = {
				ALWAYS_SEARCH_USER_PATHS = NO;
				CLANG_ANALYZER_NONNULL = YES;
				CLANG_ANALYZER_NUMBER_OBJECT_CONVERSION = YES_AGGRESSIVE;
				CLANG_CXX_LANGUAGE_STANDARD = "gnu++14";
				CLANG_CXX_LIBRARY = "libc++";
				CLANG_ENABLE_MODULES = YES;
				CLANG_ENABLE_OBJC_ARC = YES;
				CLANG_ENABLE_OBJC_WEAK = YES;
				CLANG_WARN_BLOCK_CAPTURE_AUTORELEASING = YES;
				CLANG_WARN_BOOL_CONVERSION = YES;
				CLANG_WARN_COMMA = YES;
				CLANG_WARN_CONSTANT_CONVERSION = YES;
				CLANG_WARN_DEPRECATED_OBJC_IMPLEMENTATIONS = YES;
				CLANG_WARN_DIRECT_OBJC_ISA_USAGE = YES_ERROR;
				CLANG_WARN_DOCUMENTATION_COMMENTS = YES;
				CLANG_WARN_EMPTY_BODY = YES;
				CLANG_WARN_ENUM_CONVERSION = YES;
				CLANG_WARN_INFINITE_RECURSION = YES;
				CLANG_WARN_INT_CONVERSION = YES;
				CLANG_WARN_NON_LITERAL_NULL_CONVERSION = YES;
				CLANG_WARN_OBJC_IMPLICIT_RETAIN_SELF = YES;
				CLANG_WARN_OBJC_LITERAL_CONVERSION = YES;
				CLANG_WARN_OBJC_ROOT_CLASS = YES_ERROR;
				CLANG_WARN_RANGE_LOOP_ANALYSIS = YES;
				CLANG_WARN_STRICT_PROTOTYPES = YES;
				CLANG_WARN_SUSPICIOUS_MOVE = YES;
				CLANG_WARN_UNGUARDED_AVAILABILITY = YES_AGGRESSIVE;
				CLANG_WARN_UNREACHABLE_CODE = YES;
				CLANG_WARN__DUPLICATE_METHOD_MATCH = YES;
				CODE_SIGN_IDENTITY = "iPhone Developer";
				COPY_PHASE_STRIP = NO;
				DEBUG_INFORMATION_FORMAT = dwarf;
				ENABLE_STRICT_OBJC_MSGSEND = YES;
				ENABLE_TESTABILITY = YES;
				GCC_C_LANGUAGE_STANDARD = gnu11;
				GCC_DYNAMIC_NO_PIC = NO;
				GCC_NO_COMMON_BLOCKS = YES;
				GCC_OPTIMIZATION_LEVEL = 0;
				GCC_PREPROCESSOR_DEFINITIONS = (
					"DEBUG=1",
					"$(inherited)",
				);
				GCC_WARN_64_TO_32_BIT_CONVERSION = YES;
				GCC_WARN_ABOUT_RETURN_TYPE = YES_ERROR;
				GCC_WARN_UNDECLARED_SELECTOR = YES;
				GCC_WARN_UNINITIALIZED_AUTOS = YES_AGGRESSIVE;
				GCC_WARN_UNUSED_FUNCTION = YES;
				GCC_WARN_UNUSED_VARIABLE = YES;
				IPHONEOS_DEPLOYMENT_TARGET = 12.2;
				MTL_ENABLE_DEBUG_INFO = INCLUDE_SOURCE;
				MTL_FAST_MATH = YES;
				ONLY_ACTIVE_ARCH = YES;
				SDKROOT = iphoneos;
				SWIFT_ACTIVE_COMPILATION_CONDITIONS = DEBUG;
				SWIFT_OPTIMIZATION_LEVEL = "-Onone";
			};
			name = Debug;
		};
		7504299A22B1FB1D00ACA4E4 /* Release */ = {
			isa = XCBuildConfiguration;
			buildSettings = {
				ALWAYS_SEARCH_USER_PATHS = NO;
				CLANG_ANALYZER_NONNULL = YES;
				CLANG_ANALYZER_NUMBER_OBJECT_CONVERSION = YES_AGGRESSIVE;
				CLANG_CXX_LANGUAGE_STANDARD = "gnu++14";
				CLANG_CXX_LIBRARY = "libc++";
				CLANG_ENABLE_MODULES = YES;
				CLANG_ENABLE_OBJC_ARC = YES;
				CLANG_ENABLE_OBJC_WEAK = YES;
				CLANG_WARN_BLOCK_CAPTURE_AUTORELEASING = YES;
				CLANG_WARN_BOOL_CONVERSION = YES;
				CLANG_WARN_COMMA = YES;
				CLANG_WARN_CONSTANT_CONVERSION = YES;
				CLANG_WARN_DEPRECATED_OBJC_IMPLEMENTATIONS = YES;
				CLANG_WARN_DIRECT_OBJC_ISA_USAGE = YES_ERROR;
				CLANG_WARN_DOCUMENTATION_COMMENTS = YES;
				CLANG_WARN_EMPTY_BODY = YES;
				CLANG_WARN_ENUM_CONVERSION = YES;
				CLANG_WARN_INFINITE_RECURSION = YES;
				CLANG_WARN_INT_CONVERSION = YES;
				CLANG_WARN_NON_LITERAL_NULL_CONVERSION = YES;
				CLANG_WARN_OBJC_IMPLICIT_RETAIN_SELF = YES;
				CLANG_WARN_OBJC_LITERAL_CONVERSION = YES;
				CLANG_WARN_OBJC_ROOT_CLASS = YES_ERROR;
				CLANG_WARN_RANGE_LOOP_ANALYSIS = YES;
				CLANG_WARN_STRICT_PROTOTYPES = YES;
				CLANG_WARN_SUSPICIOUS_MOVE = YES;
				CLANG_WARN_UNGUARDED_AVAILABILITY = YES_AGGRESSIVE;
				CLANG_WARN_UNREACHABLE_CODE = YES;
				CLANG_WARN__DUPLICATE_METHOD_MATCH = YES;
				CODE_SIGN_IDENTITY = "iPhone Developer";
				COPY_PHASE_STRIP = NO;
				DEBUG_INFORMATION_FORMAT = "dwarf-with-dsym";
				ENABLE_NS_ASSERTIONS = NO;
				ENABLE_STRICT_OBJC_MSGSEND = YES;
				GCC_C_LANGUAGE_STANDARD = gnu11;
				GCC_NO_COMMON_BLOCKS = YES;
				GCC_WARN_64_TO_32_BIT_CONVERSION = YES;
				GCC_WARN_ABOUT_RETURN_TYPE = YES_ERROR;
				GCC_WARN_UNDECLARED_SELECTOR = YES;
				GCC_WARN_UNINITIALIZED_AUTOS = YES_AGGRESSIVE;
				GCC_WARN_UNUSED_FUNCTION = YES;
				GCC_WARN_UNUSED_VARIABLE = YES;
				IPHONEOS_DEPLOYMENT_TARGET = 12.2;
				MTL_ENABLE_DEBUG_INFO = NO;
				MTL_FAST_MATH = YES;
				SDKROOT = iphoneos;
				SWIFT_COMPILATION_MODE = wholemodule;
				SWIFT_OPTIMIZATION_LEVEL = "-O";
				VALIDATE_PRODUCT = YES;
			};
			name = Release;
		};
		7504299C22B1FB1D00ACA4E4 /* Debug */ = {
			isa = XCBuildConfiguration;
			buildSettings = {
				ASSETCATALOG_COMPILER_APPICON_NAME = AppIcon;
				CODE_SIGN_STYLE = Automatic;
				DEVELOPMENT_TEAM = U52UJ5MNJZ;
				INFOPLIST_FILE = "Workshop App/Info.plist";
				LD_RUNPATH_SEARCH_PATHS = (
					"$(inherited)",
					"@executable_path/Frameworks",
				);
				PRODUCT_BUNDLE_IDENTIFIER = "com.elock.Workshop-App";
				PRODUCT_NAME = "$(TARGET_NAME)";
				SWIFT_VERSION = 5.0;
				TARGETED_DEVICE_FAMILY = "1,2";
			};
			name = Debug;
		};
		7504299D22B1FB1D00ACA4E4 /* Release */ = {
			isa = XCBuildConfiguration;
			buildSettings = {
				ASSETCATALOG_COMPILER_APPICON_NAME = AppIcon;
				CODE_SIGN_STYLE = Automatic;
				DEVELOPMENT_TEAM = U52UJ5MNJZ;
				INFOPLIST_FILE = "Workshop App/Info.plist";
				LD_RUNPATH_SEARCH_PATHS = (
					"$(inherited)",
					"@executable_path/Frameworks",
				);
				PRODUCT_BUNDLE_IDENTIFIER = "com.elock.Workshop-App";
				PRODUCT_NAME = "$(TARGET_NAME)";
				SWIFT_VERSION = 5.0;
				TARGETED_DEVICE_FAMILY = "1,2";
			};
			name = Release;
		};
		7504299F22B1FB1D00ACA4E4 /* Debug */ = {
			isa = XCBuildConfiguration;
			buildSettings = {
				ALWAYS_EMBED_SWIFT_STANDARD_LIBRARIES = YES;
				BUNDLE_LOADER = "$(TEST_HOST)";
				CODE_SIGN_STYLE = Automatic;
				DEVELOPMENT_TEAM = U52UJ5MNJZ;
				INFOPLIST_FILE = "Workshop AppTests/Info.plist";
				LD_RUNPATH_SEARCH_PATHS = (
					"$(inherited)",
					"@executable_path/Frameworks",
					"@loader_path/Frameworks",
				);
				PRODUCT_BUNDLE_IDENTIFIER = "com.elock.Workshop-AppTests";
				PRODUCT_NAME = "$(TARGET_NAME)";
				SWIFT_VERSION = 5.0;
				TARGETED_DEVICE_FAMILY = "1,2";
				TEST_HOST = "$(BUILT_PRODUCTS_DIR)/Workshop App.app/Workshop App";
			};
			name = Debug;
		};
		750429A022B1FB1D00ACA4E4 /* Release */ = {
			isa = XCBuildConfiguration;
			buildSettings = {
				ALWAYS_EMBED_SWIFT_STANDARD_LIBRARIES = YES;
				BUNDLE_LOADER = "$(TEST_HOST)";
				CODE_SIGN_STYLE = Automatic;
				DEVELOPMENT_TEAM = U52UJ5MNJZ;
				INFOPLIST_FILE = "Workshop AppTests/Info.plist";
				LD_RUNPATH_SEARCH_PATHS = (
					"$(inherited)",
					"@executable_path/Frameworks",
					"@loader_path/Frameworks",
				);
				PRODUCT_BUNDLE_IDENTIFIER = "com.elock.Workshop-AppTests";
				PRODUCT_NAME = "$(TARGET_NAME)";
				SWIFT_VERSION = 5.0;
				TARGETED_DEVICE_FAMILY = "1,2";
				TEST_HOST = "$(BUILT_PRODUCTS_DIR)/Workshop App.app/Workshop App";
			};
			name = Release;
		};
		750429A222B1FB1D00ACA4E4 /* Debug */ = {
			isa = XCBuildConfiguration;
			buildSettings = {
				ALWAYS_EMBED_SWIFT_STANDARD_LIBRARIES = YES;
				CODE_SIGN_STYLE = Automatic;
				DEVELOPMENT_TEAM = U52UJ5MNJZ;
				INFOPLIST_FILE = "Workshop AppUITests/Info.plist";
				LD_RUNPATH_SEARCH_PATHS = (
					"$(inherited)",
					"@executable_path/Frameworks",
					"@loader_path/Frameworks",
				);
				PRODUCT_BUNDLE_IDENTIFIER = "com.elock.Workshop-AppUITests";
				PRODUCT_NAME = "$(TARGET_NAME)";
				SWIFT_VERSION = 5.0;
				TARGETED_DEVICE_FAMILY = "1,2";
				TEST_TARGET_NAME = "Workshop App";
			};
			name = Debug;
		};
		750429A322B1FB1D00ACA4E4 /* Release */ = {
			isa = XCBuildConfiguration;
			buildSettings = {
				ALWAYS_EMBED_SWIFT_STANDARD_LIBRARIES = YES;
				CODE_SIGN_STYLE = Automatic;
				DEVELOPMENT_TEAM = U52UJ5MNJZ;
				INFOPLIST_FILE = "Workshop AppUITests/Info.plist";
				LD_RUNPATH_SEARCH_PATHS = (
					"$(inherited)",
					"@executable_path/Frameworks",
					"@loader_path/Frameworks",
				);
				PRODUCT_BUNDLE_IDENTIFIER = "com.elock.Workshop-AppUITests";
				PRODUCT_NAME = "$(TARGET_NAME)";
				SWIFT_VERSION = 5.0;
				TARGETED_DEVICE_FAMILY = "1,2";
				TEST_TARGET_NAME = "Workshop App";
			};
			name = Release;
		};
/* End XCBuildConfiguration section */

/* Begin XCConfigurationList section */
		7504296E22B1FB1A00ACA4E4 /* Build configuration list for PBXProject "Workshop App" */ = {
			isa = XCConfigurationList;
			buildConfigurations = (
				7504299922B1FB1D00ACA4E4 /* Debug */,
				7504299A22B1FB1D00ACA4E4 /* Release */,
			);
			defaultConfigurationIsVisible = 0;
			defaultConfigurationName = Release;
		};
		7504299B22B1FB1D00ACA4E4 /* Build configuration list for PBXNativeTarget "Workshop App" */ = {
			isa = XCConfigurationList;
			buildConfigurations = (
				7504299C22B1FB1D00ACA4E4 /* Debug */,
				7504299D22B1FB1D00ACA4E4 /* Release */,
			);
			defaultConfigurationIsVisible = 0;
			defaultConfigurationName = Release;
		};
		7504299E22B1FB1D00ACA4E4 /* Build configuration list for PBXNativeTarget "Workshop AppTests" */ = {
			isa = XCConfigurationList;
			buildConfigurations = (
				7504299F22B1FB1D00ACA4E4 /* Debug */,
				750429A022B1FB1D00ACA4E4 /* Release */,
			);
			defaultConfigurationIsVisible = 0;
			defaultConfigurationName = Release;
		};
		750429A122B1FB1D00ACA4E4 /* Build configuration list for PBXNativeTarget "Workshop AppUITests" */ = {
			isa = XCConfigurationList;
			buildConfigurations = (
				750429A222B1FB1D00ACA4E4 /* Debug */,
				750429A322B1FB1D00ACA4E4 /* Release */,
			);
			defaultConfigurationIsVisible = 0;
			defaultConfigurationName = Release;
		};
/* End XCConfigurationList section */
	};
	rootObject = 7504296B22B1FB1A00ACA4E4 /* Project object */;
}
